
Microsoft Visual Studio Solution File, Format Version 12.00
# Visual Studio 15
VisualStudioVersion = 15.0.28307.421
MinimumVisualStudioVersion = 10.0.40219.1
Project("{FAE04EC0-301F-11D3-BF4B-00C04F79EFBC}") = "Row.Android", "Row\Row.Android\Row.Android.csproj", "{97824EE0-4653-4D82-98D5-5C565C29FA8B}"
EndProject
Project("{FAE04EC0-301F-11D3-BF4B-00C04F79EFBC}") = "Row.iOS", "Row\Row.iOS\Row.iOS.csproj", "{8EBD6981-B238-4836-84BF-7A13C741439C}"
EndProject
Project("{FAE04EC0-301F-11D3-BF4B-00C04F79EFBC}") = "Row", "Row\Row\Row.csproj", "{7F9C724D-F3D0-4E48-B325-BBF5D8A7C045}"
EndProject
Global
	GlobalSection(SolutionConfigurationPlatforms) = preSolution
		Ad-Hoc|Any CPU = Ad-Hoc|Any CPU
		Ad-Hoc|iPhone = Ad-Hoc|iPhone
		Ad-Hoc|iPhoneSimulator = Ad-Hoc|iPhoneSimulator
		AppStore|Any CPU = AppStore|Any CPU
		AppStore|iPhone = AppStore|iPhone
		AppStore|iPhoneSimulator = AppStore|iPhoneSimulator
		Debug|Any CPU = Debug|Any CPU
		Debug|iPhone = Debug|iPhone
		Debug|iPhoneSimulator = Debug|iPhoneSimulator
		Release|Any CPU = Release|Any CPU
		Release|iPhone = Release|iPhone
		Release|iPhoneSimulator = Release|iPhoneSimulator
	EndGlobalSection
	GlobalSection(ProjectConfigurationPlatforms) = postSolution
		{97824EE0-4653-4D82-98D5-5C565C29FA8B}.Ad-Hoc|Any CPU.ActiveCfg = Release|Any CPU
		{97824EE0-4653-4D82-98D5-5C565C29FA8B}.Ad-Hoc|Any CPU.Build.0 = Release|Any CPU
		{97824EE0-4653-4D82-98D5-5C565C29FA8B}.Ad-Hoc|Any CPU.Deploy.0 = Release|Any CPU
		{97824EE0-4653-4D82-98D5-5C565C29FA8B}.Ad-Hoc|iPhone.ActiveCfg = Release|Any CPU
		{97824EE0-4653-4D82-98D5-5C565C29FA8B}.Ad-Hoc|iPhone.Build.0 = Release|Any CPU
		{97824EE0-4653-4D82-98D5-5C565C29FA8B}.Ad-Hoc|iPhone.Deploy.0 = Release|Any CPU
		{97824EE0-4653-4D82-98D5-5C565C29FA8B}.Ad-Hoc|iPhoneSimulator.ActiveCfg = Release|Any CPU
		{97824EE0-4653-4D82-98D5-5C565C29FA8B}.Ad-Hoc|iPhoneSimulator.Build.0 = Release|Any CPU
		{97824EE0-4653-4D82-98D5-5C565C29FA8B}.Ad-Hoc|iPhoneSimulator.Deploy.0 = Release|Any CPU
		{97824EE0-4653-4D82-98D5-5C565C29FA8B}.AppStore|Any CPU.ActiveCfg = Release|Any CPU
		{97824EE0-4653-4D82-98D5-5C565C29FA8B}.AppStore|Any CPU.Build.0 = Release|Any CPU
		{97824EE0-4653-4D82-98D5-5C565C29FA8B}.AppStore|Any CPU.Deploy.0 = Release|Any CPU
		{97824EE0-4653-4D82-98D5-5C565C29FA8B}.AppStore|iPhone.ActiveCfg = Release|Any CPU
		{97824EE0-4653-4D82-98D5-5C565C29FA8B}.AppStore|iPhone.Build.0 = Release|Any CPU
		{97824EE0-4653-4D82-98D5-5C565C29FA8B}.AppStore|iPhone.Deploy.0 = Release|Any CPU
		{97824EE0-4653-4D82-98D5-5C565C29FA8B}.AppStore|iPhoneSimulator.ActiveCfg = Release|Any CPU
		{97824EE0-4653-4D82-98D5-5C565C29FA8B}.AppStore|iPhoneSimulator.Build.0 = Release|Any CPU
		{97824EE0-4653-4D82-98D5-5C565C29FA8B}.AppStore|iPhoneSimulator.Deploy.0 = Release|Any CPU
		{97824EE0-4653-4D82-98D5-5C565C29FA8B}.Debug|Any CPU.ActiveCfg = Debug|Any CPU
		{97824EE0-4653-4D82-98D5-5C565C29FA8B}.Debug|Any CPU.Build.0 = Debug|Any CPU
		{97824EE0-4653-4D82-98D5-5C565C29FA8B}.Debug|Any CPU.Deploy.0 = Debug|Any CPU
		{97824EE0-4653-4D82-98D5-5C565C29FA8B}.Debug|iPhone.ActiveCfg = Debug|Any CPU
		{97824EE0-4653-4D82-98D5-5C565C29FA8B}.Debug|iPhone.Build.0 = Debug|Any CPU
		{97824EE0-4653-4D82-98D5-5C565C29FA8B}.Debug|iPhone.Deploy.0 = Debug|Any CPU
		{97824EE0-4653-4D82-98D5-5C565C29FA8B}.Debug|iPhoneSimulator.ActiveCfg = Debug|Any CPU
		{97824EE0-4653-4D82-98D5-5C565C29FA8B}.Debug|iPhoneSimulator.Build.0 = Debug|Any CPU
		{97824EE0-4653-4D82-98D5-5C565C29FA8B}.Debug|iPhoneSimulator.Deploy.0 = Debug|Any CPU
		{97824EE0-4653-4D82-98D5-5C565C29FA8B}.Release|Any CPU.ActiveCfg = Release|Any CPU
		{97824EE0-4653-4D82-98D5-5C565C29FA8B}.Release|Any CPU.Build.0 = Release|Any CPU
		{97824EE0-4653-4D82-98D5-5C565C29FA8B}.Release|Any CPU.Deploy.0 = Release|Any CPU
		{97824EE0-4653-4D82-98D5-5C565C29FA8B}.Release|iPhone.ActiveCfg = Release|Any CPU
		{97824EE0-4653-4D82-98D5-5C565C29FA8B}.Release|iPhone.Build.0 = Release|Any CPU
		{97824EE0-4653-4D82-98D5-5C565C29FA8B}.Release|iPhone.Deploy.0 = Release|Any CPU
		{97824EE0-4653-4D82-98D5-5C565C29FA8B}.Release|iPhoneSimulator.ActiveCfg = Release|Any CPU
		{97824EE0-4653-4D82-98D5-5C565C29FA8B}.Release|iPhoneSimulator.Build.0 = Release|Any CPU
		{97824EE0-4653-4D82-98D5-5C565C29FA8B}.Release|iPhoneSimulator.Deploy.0 = Release|Any CPU
		{8EBD6981-B238-4836-84BF-7A13C741439C}.Ad-Hoc|Any CPU.ActiveCfg = Ad-Hoc|iPhone
		{8EBD6981-B238-4836-84BF-7A13C741439C}.Ad-Hoc|Any CPU.Build.0 = Ad-Hoc|iPhone
		{8EBD6981-B238-4836-84BF-7A13C741439C}.Ad-Hoc|Any CPU.Deploy.0 = Ad-Hoc|iPhone
		{8EBD6981-B238-4836-84BF-7A13C741439C}.Ad-Hoc|iPhone.ActiveCfg = Ad-Hoc|iPhone
		{8EBD6981-B238-4836-84BF-7A13C741439C}.Ad-Hoc|iPhone.Build.0 = Ad-Hoc|iPhone
		{8EBD6981-B238-4836-84BF-7A13C741439C}.Ad-Hoc|iPhone.Deploy.0 = Ad-Hoc|iPhone
		{8EBD6981-B238-4836-84BF-7A13C741439C}.Ad-Hoc|iPhoneSimulator.ActiveCfg = Ad-Hoc|iPhoneSimulator
		{8EBD6981-B238-4836-84BF-7A13C741439C}.Ad-Hoc|iPhoneSimulator.Build.0 = Ad-Hoc|iPhoneSimulator
		{8EBD6981-B238-4836-84BF-7A13C741439C}.Ad-Hoc|iPhoneSimulator.Deploy.0 = Ad-Hoc|iPhoneSimulator
		{8EBD6981-B238-4836-84BF-7A13C741439C}.AppStore|Any CPU.ActiveCfg = AppStore|iPhone
		{8EBD6981-B238-4836-84BF-7A13C741439C}.AppStore|Any CPU.Build.0 = AppStore|iPhone
		{8EBD6981-B238-4836-84BF-7A13C741439C}.AppStore|Any CPU.Deploy.0 = AppStore|iPhone
		{8EBD6981-B238-4836-84BF-7A13C741439C}.AppStore|iPhone.ActiveCfg = AppStore|iPhone
		{8EBD6981-B238-4836-84BF-7A13C741439C}.AppStore|iPhone.Build.0 = AppStore|iPhone
		{8EBD6981-B238-4836-84BF-7A13C741439C}.AppStore|iPhone.Deploy.0 = AppStore|iPhone
		{8EBD6981-B238-4836-84BF-7A13C741439C}.AppStore|iPhoneSimulator.ActiveCfg = AppStore|iPhoneSimulator
		{8EBD6981-B238-4836-84BF-7A13C741439C}.AppStore|iPhoneSimulator.Build.0 = AppStore|iPhoneSimulator
		{8EBD6981-B238-4836-84BF-7A13C741439C}.AppStore|iPhoneSimulator.Deploy.0 = AppStore|iPhoneSimulator
		{8EBD6981-B238-4836-84BF-7A13C741439C}.Debug|Any CPU.ActiveCfg = Debug|iPhoneSimulator
		{8EBD6981-B238-4836-84BF-7A13C741439C}.Debug|Any CPU.Build.0 = Debug|iPhoneSimulator
		{8EBD6981-B238-4836-84BF-7A13C741439C}.Debug|Any CPU.Deploy.0 = Debug|iPhoneSimulator
		{8EBD6981-B238-4836-84BF-7A13C741439C}.Debug|iPhone.ActiveCfg = Debug|iPhone
		{8EBD6981-B238-4836-84BF-7A13C741439C}.Debug|iPhone.Build.0 = Debug|iPhone
		{8EBD6981-B238-4836-84BF-7A13C741439C}.Debug|iPhone.Deploy.0 = Debug|iPhone
		{8EBD6981-B238-4836-84BF-7A13C741439C}.Debug|iPhoneSimulator.ActiveCfg = Debug|iPhoneSimulator
		{8EBD6981-B238-4836-84BF-7A13C741439C}.Debug|iPhoneSimulator.Build.0 = Debug|iPhoneSimulator
		{8EBD6981-B238-4836-84BF-7A13C741439C}.Debug|iPhoneSimulator.Deploy.0 = Debug|iPhoneSimulator
		{8EBD6981-B238-4836-84BF-7A13C741439C}.Release|Any CPU.ActiveCfg = Release|iPhone
		{8EBD6981-B238-4836-84BF-7A13C741439C}.Release|Any CPU.Build.0 = Release|iPhone
		{8EBD6981-B238-4836-84BF-7A13C741439C}.Release|Any CPU.Deploy.0 = Release|iPhone
		{8EBD6981-B238-4836-84BF-7A13C741439C}.Release|iPhone.ActiveCfg = Release|iPhone
		{8EBD6981-B238-4836-84BF-7A13C741439C}.Release|iPhone.Build.0 = Release|iPhone
		{8EBD6981-B238-4836-84BF-7A13C741439C}.Release|iPhone.Deploy.0 = Release|iPhone
		{8EBD6981-B238-4836-84BF-7A13C741439C}.Release|iPhoneSimulator.ActiveCfg = Release|iPhoneSimulator
		{8EBD6981-B238-4836-84BF-7A13C741439C}.Release|iPhoneSimulator.Build.0 = Release|iPhoneSimulator
		{8EBD6981-B238-4836-84BF-7A13C741439C}.Release|iPhoneSimulator.Deploy.0 = Release|iPhoneSimulator
		{7F9C724D-F3D0-4E48-B325-BBF5D8A7C045}.Ad-Hoc|Any CPU.ActiveCfg = Debug|Any CPU
		{7F9C724D-F3D0-4E48-B325-BBF5D8A7C045}.Ad-Hoc|Any CPU.Build.0 = Debug|Any CPU
		{7F9C724D-F3D0-4E48-B325-BBF5D8A7C045}.Ad-Hoc|Any CPU.Deploy.0 = Debug|Any CPU
		{7F9C724D-F3D0-4E48-B325-BBF5D8A7C045}.Ad-Hoc|iPhone.ActiveCfg = Debug|Any CPU
		{7F9C724D-F3D0-4E48-B325-BBF5D8A7C045}.Ad-Hoc|iPhone.Build.0 = Debug|Any CPU
		{7F9C724D-F3D0-4E48-B325-BBF5D8A7C045}.Ad-Hoc|iPhone.Deploy.0 = Debug|Any CPU
		{7F9C724D-F3D0-4E48-B325-BBF5D8A7C045}.Ad-Hoc|iPhoneSimulator.ActiveCfg = Debug|Any CPU
		{7F9C724D-F3D0-4E48-B325-BBF5D8A7C045}.Ad-Hoc|iPhoneSimulator.Build.0 = Debug|Any CPU
		{7F9C724D-F3D0-4E48-B325-BBF5D8A7C045}.Ad-Hoc|iPhoneSimulator.Deploy.0 = Debug|Any CPU
		{7F9C724D-F3D0-4E48-B325-BBF5D8A7C045}.AppStore|Any CPU.ActiveCfg = Debug|Any CPU
		{7F9C724D-F3D0-4E48-B325-BBF5D8A7C045}.AppStore|Any CPU.Build.0 = Debug|Any CPU
		{7F9C724D-F3D0-4E48-B325-BBF5D8A7C045}.AppStore|Any CPU.Deploy.0 = Debug|Any CPU
		{7F9C724D-F3D0-4E48-B325-BBF5D8A7C045}.AppStore|iPhone.ActiveCfg = Debug|Any CPU
		{7F9C724D-F3D0-4E48-B325-BBF5D8A7C045}.AppStore|iPhone.Build.0 = Debug|Any CPU
		{7F9C724D-F3D0-4E48-B325-BBF5D8A7C045}.AppStore|iPhone.Deploy.0 = Debug|Any CPU
		{7F9C724D-F3D0-4E48-B325-BBF5D8A7C045}.AppStore|iPhoneSimulator.ActiveCfg = Debug|Any CPU
		{7F9C724D-F3D0-4E48-B325-BBF5D8A7C045}.AppStore|iPhoneSimulator.Build.0 = Debug|Any CPU
		{7F9C724D-F3D0-4E48-B325-BBF5D8A7C045}.AppStore|iPhoneSimulator.Deploy.0 = Debug|Any CPU
		{7F9C724D-F3D0-4E48-B325-BBF5D8A7C045}.Debug|Any CPU.ActiveCfg = Debug|Any CPU
		{7F9C724D-F3D0-4E48-B325-BBF5D8A7C045}.Debug|Any CPU.Build.0 = Debug|Any CPU
		{7F9C724D-F3D0-4E48-B325-BBF5D8A7C045}.Debug|Any CPU.Deploy.0 = Debug|Any CPU
		{7F9C724D-F3D0-4E48-B325-BBF5D8A7C045}.Debug|iPhone.ActiveCfg = Debug|Any CPU
		{7F9C724D-F3D0-4E48-B325-BBF5D8A7C045}.Debug|iPhone.Build.0 = Debug|Any CPU
		{7F9C724D-F3D0-4E48-B325-BBF5D8A7C045}.Debug|iPhone.Deploy.0 = Debug|Any CPU
		{7F9C724D-F3D0-4E48-B325-BBF5D8A7C045}.Debug|iPhoneSimulator.ActiveCfg = Debug|Any CPU
		{7F9C724D-F3D0-4E48-B325-BBF5D8A7C045}.Debug|iPhoneSimulator.Build.0 = Debug|Any CPU
		{7F9C724D-F3D0-4E48-B325-BBF5D8A7C045}.Debug|iPhoneSimulator.Deploy.0 = Debug|Any CPU
		{7F9C724D-F3D0-4E48-B325-BBF5D8A7C045}.Release|Any CPU.ActiveCfg = Release|Any CPU
		{7F9C724D-F3D0-4E48-B325-BBF5D8A7C045}.Release|Any CPU.Build.0 = Release|Any CPU
		{7F9C724D-F3D0-4E48-B325-BBF5D8A7C045}.Release|Any CPU.Deploy.0 = Release|Any CPU
		{7F9C724D-F3D0-4E48-B325-BBF5D8A7C045}.Release|iPhone.ActiveCfg = Release|Any CPU
		{7F9C724D-F3D0-4E48-B325-BBF5D8A7C045}.Release|iPhone.Build.0 = Release|Any CPU
		{7F9C724D-F3D0-4E48-B325-BBF5D8A7C045}.Release|iPhone.Deploy.0 = Release|Any CPU
		{7F9C724D-F3D0-4E48-B325-BBF5D8A7C045}.Release|iPhoneSimulator.ActiveCfg = Release|Any CPU
		{7F9C724D-F3D0-4E48-B325-BBF5D8A7C045}.Release|iPhoneSimulator.Build.0 = Release|Any CPU
		{7F9C724D-F3D0-4E48-B325-BBF5D8A7C045}.Release|iPhoneSimulator.Deploy.0 = Release|Any CPU
	EndGlobalSection
	GlobalSection(SolutionProperties) = preSolution
		HideSolutionNode = FALSE
	EndGlobalSection
	GlobalSection(ExtensibilityGlobals) = postSolution
		SolutionGuid = {A94436E1-DF3B-403C-B26C-AAB5D3B615C5}
	EndGlobalSection
EndGlobal
